
Microsoft Visual Studio Solution File, Format Version 12.00
# Visual Studio Version 17
VisualStudioVersion = 17.4.33213.308
MinimumVisualStudioVersion = 10.0.40219.1
Project("{9092AA53-FB77-4645-B42D-1CCCA6BD08BD}") = "RecruterAPI", "RecruterAPI\RecruterAPI.njsproj", "{68AB7474-A747-4266-9B2C-6DA4FCD3FAD4}"
EndProject
Global
	GlobalSection(SolutionConfigurationPlatforms) = preSolution
		Debug|Any CPU = Debug|Any CPU
		Release|Any CPU = Release|Any CPU
	EndGlobalSection
	GlobalSection(ProjectConfigurationPlatforms) = postSolution
		{68AB7474-A747-4266-9B2C-6DA4FCD3FAD4}.Debug|Any CPU.ActiveCfg = Debug|Any CPU
		{68AB7474-A747-4266-9B2C-6DA4FCD3FAD4}.Debug|Any CPU.Build.0 = Debug|Any CPU
		{68AB7474-A747-4266-9B2C-6DA4FCD3FAD4}.Release|Any CPU.ActiveCfg = Release|Any CPU
		{68AB7474-A747-4266-9B2C-6DA4FCD3FAD4}.Release|Any CPU.Build.0 = Release|Any CPU
	EndGlobalSection
	GlobalSection(SolutionProperties) = preSolution
		HideSolutionNode = FALSE
	EndGlobalSection
	GlobalSection(ExtensibilityGlobals) = postSolution
		SolutionGuid = {45067B2C-A32B-4987-83B6-CA56AB87983C}
	EndGlobalSection
EndGlobal
